
Microsoft Visual Studio Solution File, Format Version 9.00
# Visual Studio 2005
Project("{8BC9CEB8-8B4A-11D0-8D11-00A0C91BC942}") = "Calques3D", "Calques3D.vcproj", "{5BB5E813-933B-45C1-B390-AEB5AAD86B75}"
EndProject
Project("{8BC9CEB8-8B4A-11D0-8D11-00A0C91BC942}") = "c3dResFRA", "c3dResFRA\c3dResFRA.vcproj", "{AE5985C0-B7FA-4906-8D03-5A15CE239AA3}"
EndProject
Project("{8BC9CEB8-8B4A-11D0-8D11-00A0C91BC942}") = "c3dResDEU", "c3dResDEU\c3dResDEU.vcproj", "{F163EE86-9CA6-4074-8FB3-7E06F7D3520C}"
EndProject
Project("{8BC9CEB8-8B4A-11D0-8D11-00A0C91BC942}") = "c3dResESP", "c3dResESP\c3dResESP.vcproj", "{FA2C1024-D5F0-4129-B0FD-92BAEF7D9FFE}"
EndProject
Project("{8BC9CEB8-8B4A-11D0-8D11-00A0C91BC942}") = "c3dResPTG", "c3dResPTG\c3dResPTG.vcproj", "{07D9865C-AEB9-40C3-8E9F-380DEB70AA22}"
EndProject
Global
	GlobalSection(SourceCodeControl) = preSolution
		SccNumberOfProjects = 2
		SccProjectName0 = Calques3D
		SccLocalPath0 = .
		SccProvider0 = MSSCCI:ComponentSoftware\u0020RCS
		SccProjectUniqueName1 = Calques3D.vcproj
		SccLocalPath1 = .
	EndGlobalSection
	GlobalSection(SolutionConfigurationPlatforms) = preSolution
		Debug|Win32 = Debug|Win32
		Release|Win32 = Release|Win32
	EndGlobalSection
	GlobalSection(ProjectConfigurationPlatforms) = postSolution
		{5BB5E813-933B-45C1-B390-AEB5AAD86B75}.Debug|Win32.ActiveCfg = Debug|Win32
		{5BB5E813-933B-45C1-B390-AEB5AAD86B75}.Debug|Win32.Build.0 = Debug|Win32
		{5BB5E813-933B-45C1-B390-AEB5AAD86B75}.Release|Win32.ActiveCfg = Release|Win32
		{5BB5E813-933B-45C1-B390-AEB5AAD86B75}.Release|Win32.Build.0 = Release|Win32
		{AE5985C0-B7FA-4906-8D03-5A15CE239AA3}.Debug|Win32.ActiveCfg = Release|Win32
		{AE5985C0-B7FA-4906-8D03-5A15CE239AA3}.Debug|Win32.Build.0 = Release|Win32
		{AE5985C0-B7FA-4906-8D03-5A15CE239AA3}.Release|Win32.ActiveCfg = Release|Win32
		{AE5985C0-B7FA-4906-8D03-5A15CE239AA3}.Release|Win32.Build.0 = Release|Win32
		{F163EE86-9CA6-4074-8FB3-7E06F7D3520C}.Debug|Win32.ActiveCfg = Release|Win32
		{F163EE86-9CA6-4074-8FB3-7E06F7D3520C}.Debug|Win32.Build.0 = Release|Win32
		{F163EE86-9CA6-4074-8FB3-7E06F7D3520C}.Release|Win32.ActiveCfg = Release|Win32
		{F163EE86-9CA6-4074-8FB3-7E06F7D3520C}.Release|Win32.Build.0 = Release|Win32
		{FA2C1024-D5F0-4129-B0FD-92BAEF7D9FFE}.Debug|Win32.ActiveCfg = Release|Win32
		{FA2C1024-D5F0-4129-B0FD-92BAEF7D9FFE}.Debug|Win32.Build.0 = Release|Win32
		{FA2C1024-D5F0-4129-B0FD-92BAEF7D9FFE}.Release|Win32.ActiveCfg = Release|Win32
		{FA2C1024-D5F0-4129-B0FD-92BAEF7D9FFE}.Release|Win32.Build.0 = Release|Win32
		{07D9865C-AEB9-40C3-8E9F-380DEB70AA22}.Debug|Win32.ActiveCfg = Release|Win32
		{07D9865C-AEB9-40C3-8E9F-380DEB70AA22}.Debug|Win32.Build.0 = Release|Win32
		{07D9865C-AEB9-40C3-8E9F-380DEB70AA22}.Release|Win32.ActiveCfg = Release|Win32
		{07D9865C-AEB9-40C3-8E9F-380DEB70AA22}.Release|Win32.Build.0 = Release|Win32
	EndGlobalSection
	GlobalSection(SolutionProperties) = preSolution
		HideSolutionNode = FALSE
	EndGlobalSection
EndGlobal
