
Microsoft Visual Studio Solution File, Format Version 9.00
# Visual Studio 2005
Project("{8BC9CEB8-8B4A-11D0-8D11-00A0C91BC942}") = "c3dResDEU", "c3dResDEU.vcproj", "{F163EE86-9CA6-4074-8FB3-7E06F7D3520C}"
EndProject
Global
	GlobalSection(SolutionConfigurationPlatforms) = preSolution
		Debug|Win32 = Debug|Win32
		Release|Win32 = Release|Win32
	EndGlobalSection
	GlobalSection(ProjectConfigurationPlatforms) = postSolution
		{F163EE86-9CA6-4074-8FB3-7E06F7D3520C}.Debug|Win32.ActiveCfg = Debug|Win32
		{F163EE86-9CA6-4074-8FB3-7E06F7D3520C}.Debug|Win32.Build.0 = Debug|Win32
		{F163EE86-9CA6-4074-8FB3-7E06F7D3520C}.Release|Win32.ActiveCfg = Release|Win32
		{F163EE86-9CA6-4074-8FB3-7E06F7D3520C}.Release|Win32.Build.0 = Release|Win32
	EndGlobalSection
	GlobalSection(SolutionProperties) = preSolution
		HideSolutionNode = FALSE
	EndGlobalSection
EndGlobal
